
Microsoft Visual Studio Solution File, Format Version 12.00
# Visual Studio 15
VisualStudioVersion = 15.0.27004.2005
MinimumVisualStudioVersion = 10.0.40219.1
Project("{FAE04EC0-301F-11D3-BF4B-00C04F79EFBC}") = "sagit_logo_gen", "sagit_logo_gen\sagit_logo_gen.csproj", "{FCA2AD79-27E0-446F-991D-F0EE9B15A6C6}"
EndProject
Project("{2150E333-8FDC-42A3-9474-1A3956D46DE8}") = "Solution Items", "Solution Items", "{BE97496D-03CB-4FD7-AB41-11C7A4FB8C77}"
	ProjectSection(SolutionItems) = preProject
		README.MD = README.MD
	EndProjectSection
EndProject
Global
	GlobalSection(SolutionConfigurationPlatforms) = preSolution
		Debug|Any CPU = Debug|Any CPU
		Release|Any CPU = Release|Any CPU
	EndGlobalSection
	GlobalSection(ProjectConfigurationPlatforms) = postSolution
		{FCA2AD79-27E0-446F-991D-F0EE9B15A6C6}.Debug|Any CPU.ActiveCfg = Debug|Any CPU
		{FCA2AD79-27E0-446F-991D-F0EE9B15A6C6}.Debug|Any CPU.Build.0 = Debug|Any CPU
		{FCA2AD79-27E0-446F-991D-F0EE9B15A6C6}.Release|Any CPU.ActiveCfg = Release|Any CPU
		{FCA2AD79-27E0-446F-991D-F0EE9B15A6C6}.Release|Any CPU.Build.0 = Release|Any CPU
	EndGlobalSection
	GlobalSection(SolutionProperties) = preSolution
		HideSolutionNode = FALSE
	EndGlobalSection
	GlobalSection(ExtensibilityGlobals) = postSolution
		SolutionGuid = {53FEA8ED-60BC-4A05-806C-03037BA473BD}
	EndGlobalSection
EndGlobal
